// !$*UTF8*$!
{
	archiveVersion = 1;
	classes = {
	};
	objectVersion = 55;
	objects = {

/* Begin PBXBuildFile section */
		F039074928C3D63D00B32E0F /* FeedViewController.swift in Sources */ = {isa = PBXBuildFile; fileRef = F039074828C3D63C00B32E0F /* FeedViewController.swift */; };
		F039074B28C3D65A00B32E0F /* UploadViewController.swift in Sources */ = {isa = PBXBuildFile; fileRef = F039074A28C3D65A00B32E0F /* UploadViewController.swift */; };
		F039074D28C3D67100B32E0F /* SettingsViewController.swift in Sources */ = {isa = PBXBuildFile; fileRef = F039074C28C3D67100B32E0F /* SettingsViewController.swift */; };
		F03DB19A28C2617F007B3AA0 /* AppDelegate.swift in Sources */ = {isa = PBXBuildFile; fileRef = F03DB19928C2617F007B3AA0 /* AppDelegate.swift */; };
		F03DB19C28C2617F007B3AA0 /* SceneDelegate.swift in Sources */ = {isa = PBXBuildFile; fileRef = F03DB19B28C2617F007B3AA0 /* SceneDelegate.swift */; };
		F03DB19E28C2617F007B3AA0 /* ViewController.swift in Sources */ = {isa = PBXBuildFile; fileRef = F03DB19D28C2617F007B3AA0 /* ViewController.swift */; };
		F03DB1A128C2617F007B3AA0 /* Main.storyboard in Resources */ = {isa = PBXBuildFile; fileRef = F03DB19F28C2617F007B3AA0 /* Main.storyboard */; };
		F03DB1A328C26187007B3AA0 /* Assets.xcassets in Resources */ = {isa = PBXBuildFile; fileRef = F03DB1A228C26187007B3AA0 /* Assets.xcassets */; };
		F03DB1A628C26187007B3AA0 /* LaunchScreen.storyboard in Resources */ = {isa = PBXBuildFile; fileRef = F03DB1A428C26187007B3AA0 /* LaunchScreen.storyboard */; };
		F03DB1AE28C26211007B3AA0 /* GoogleService-Info.plist in Resources */ = {isa = PBXBuildFile; fileRef = F03DB1AD28C26211007B3AA0 /* GoogleService-Info.plist */; };
		F03DB1B128C26537007B3AA0 /* FirebaseAnalytics in Frameworks */ = {isa = PBXBuildFile; productRef = F03DB1B028C26537007B3AA0 /* FirebaseAnalytics */; };
		F03DB1B328C26537007B3AA0 /* FirebaseAnalyticsSwift in Frameworks */ = {isa = PBXBuildFile; productRef = F03DB1B228C26537007B3AA0 /* FirebaseAnalyticsSwift */; };
		F03DB1B528C26537007B3AA0 /* FirebaseAuth in Frameworks */ = {isa = PBXBuildFile; productRef = F03DB1B428C26537007B3AA0 /* FirebaseAuth */; };
		F03DB1B728C26537007B3AA0 /* FirebaseAuthCombine-Community in Frameworks */ = {isa = PBXBuildFile; productRef = F03DB1B628C26537007B3AA0 /* FirebaseAuthCombine-Community */; };
		F03DB1B928C26537007B3AA0 /* FirebaseFirestore in Frameworks */ = {isa = PBXBuildFile; productRef = F03DB1B828C26537007B3AA0 /* FirebaseFirestore */; };
		F03DB1BB28C26537007B3AA0 /* FirebaseFirestoreSwift in Frameworks */ = {isa = PBXBuildFile; productRef = F03DB1BA28C26537007B3AA0 /* FirebaseFirestoreSwift */; };
		F03DB1BD28C26537007B3AA0 /* FirebaseMessaging in Frameworks */ = {isa = PBXBuildFile; productRef = F03DB1BC28C26537007B3AA0 /* FirebaseMessaging */; };
		F03DB1BF28C26537007B3AA0 /* FirebaseStorage in Frameworks */ = {isa = PBXBuildFile; productRef = F03DB1BE28C26537007B3AA0 /* FirebaseStorage */; };
		F053127528C6723200628ED2 /* FeedTableViewCell.swift in Sources */ = {isa = PBXBuildFile; fileRef = F053127428C6723100628ED2 /* FeedTableViewCell.swift */; };
		F053127828C6826F00628ED2 /* SDWebImage in Frameworks */ = {isa = PBXBuildFile; productRef = F053127728C6826F00628ED2 /* SDWebImage */; };
/* End PBXBuildFile section */

/* Begin PBXFileReference section */
		F039074828C3D63C00B32E0F /* FeedViewController.swift */ = {isa = PBXFileReference; lastKnownFileType = sourcecode.swift; path = FeedViewController.swift; sourceTree = "<group>"; };
		F039074A28C3D65A00B32E0F /* UploadViewController.swift */ = {isa = PBXFileReference; lastKnownFileType = sourcecode.swift; path = UploadViewController.swift; sourceTree = "<group>"; };
		F039074C28C3D67100B32E0F /* SettingsViewController.swift */ = {isa = PBXFileReference; lastKnownFileType = sourcecode.swift; path = SettingsViewController.swift; sourceTree = "<group>"; };
		F03DB19628C2617F007B3AA0 /* Instagram Clone.app */ = {isa = PBXFileReference; explicitFileType = wrapper.application; includeInIndex = 0; path = "Instagram Clone.app"; sourceTree = BUILT_PRODUCTS_DIR; };
		F03DB19928C2617F007B3AA0 /* AppDelegate.swift */ = {isa = PBXFileReference; lastKnownFileType = sourcecode.swift; path = AppDelegate.swift; sourceTree = "<group>"; };
		F03DB19B28C2617F007B3AA0 /* SceneDelegate.swift */ = {isa = PBXFileReference; lastKnownFileType = sourcecode.swift; path = SceneDelegate.swift; sourceTree = "<group>"; };
		F03DB19D28C2617F007B3AA0 /* ViewController.swift */ = {isa = PBXFileReference; lastKnownFileType = sourcecode.swift; path = ViewController.swift; sourceTree = "<group>"; };
		F03DB1A028C2617F007B3AA0 /* Base */ = {isa = PBXFileReference; lastKnownFileType = file.storyboard; name = Base; path = Base.lproj/Main.storyboard; sourceTree = "<group>"; };
		F03DB1A228C26187007B3AA0 /* Assets.xcassets */ = {isa = PBXFileReference; lastKnownFileType = folder.assetcatalog; path = Assets.xcassets; sourceTree = "<group>"; };
		F03DB1A528C26187007B3AA0 /* Base */ = {isa = PBXFileReference; lastKnownFileType = file.storyboard; name = Base; path = Base.lproj/LaunchScreen.storyboard; sourceTree = "<group>"; };
		F03DB1A728C26187007B3AA0 /* Info.plist */ = {isa = PBXFileReference; lastKnownFileType = text.plist.xml; path = Info.plist; sourceTree = "<group>"; };
		F03DB1AD28C26211007B3AA0 /* GoogleService-Info.plist */ = {isa = PBXFileReference; fileEncoding = 4; lastKnownFileType = text.plist.xml; path = "GoogleService-Info.plist"; sourceTree = "<group>"; };
		F053127428C6723100628ED2 /* FeedTableViewCell.swift */ = {isa = PBXFileReference; lastKnownFileType = sourcecode.swift; path = FeedTableViewCell.swift; sourceTree = "<group>"; };
/* End PBXFileReference section */

/* Begin PBXFrameworksBuildPhase section */
		F03DB19328C2617F007B3AA0 /* Frameworks */ = {
			isa = PBXFrameworksBuildPhase;
			buildActionMask = 2147483647;
			files = (
				F03DB1B328C26537007B3AA0 /* FirebaseAnalyticsSwift in Frameworks */,
				F03DB1B528C26537007B3AA0 /* FirebaseAuth in Frameworks */,
				F03DB1BD28C26537007B3AA0 /* FirebaseMessaging in Frameworks */,
				F03DB1B128C26537007B3AA0 /* FirebaseAnalytics in Frameworks */,
				F03DB1B928C26537007B3AA0 /* FirebaseFirestore in Frameworks */,
				F03DB1BF28C26537007B3AA0 /* FirebaseStorage in Frameworks */,
				F053127828C6826F00628ED2 /* SDWebImage in Frameworks */,
				F03DB1B728C26537007B3AA0 /* FirebaseAuthCombine-Community in Frameworks */,
				F03DB1BB28C26537007B3AA0 /* FirebaseFirestoreSwift in Frameworks */,
			);
			runOnlyForDeploymentPostprocessing = 0;
		};
/* End PBXFrameworksBuildPhase section */

/* Begin PBXGroup section */
		F03DB18D28C2617F007B3AA0 = {
			isa = PBXGroup;
			children = (
				F03DB19828C2617F007B3AA0 /* Instagram Clone */,
				F03DB19728C2617F007B3AA0 /* Products */,
			);
			sourceTree = "<group>";
		};
		F03DB19728C2617F007B3AA0 /* Products */ = {
			isa = PBXGroup;
			children = (
				F03DB19628C2617F007B3AA0 /* Instagram Clone.app */,
			);
			name = Products;
			sourceTree = "<group>";
		};
		F03DB19828C2617F007B3AA0 /* Instagram Clone */ = {
			isa = PBXGroup;
			children = (
				F048EBF528C75547003865AA /* Controllers */,
				F048EBF428C75531003865AA /* View */,
				F048EBF328C754CA003865AA /* Supporting Files */,
			);
			path = "Instagram Clone";
			sourceTree = "<group>";
		};
		F048EBF328C754CA003865AA /* Supporting Files */ = {
			isa = PBXGroup;
			children = (
				F03DB1AD28C26211007B3AA0 /* GoogleService-Info.plist */,
				F03DB19928C2617F007B3AA0 /* AppDelegate.swift */,
				F03DB19B28C2617F007B3AA0 /* SceneDelegate.swift */,
				F03DB1A228C26187007B3AA0 /* Assets.xcassets */,
				F03DB1A428C26187007B3AA0 /* LaunchScreen.storyboard */,
				F03DB1A728C26187007B3AA0 /* Info.plist */,
			);
			path = "Supporting Files";
			sourceTree = "<group>";
		};
		F048EBF428C75531003865AA /* View */ = {
			isa = PBXGroup;
			children = (
				F03DB19F28C2617F007B3AA0 /* Main.storyboard */,
			);
			path = View;
			sourceTree = "<group>";
		};
		F048EBF528C75547003865AA /* Controllers */ = {
			isa = PBXGroup;
			children = (
				F039074828C3D63C00B32E0F /* FeedViewController.swift */,
				F039074A28C3D65A00B32E0F /* UploadViewController.swift */,
				F039074C28C3D67100B32E0F /* SettingsViewController.swift */,
				F03DB19D28C2617F007B3AA0 /* ViewController.swift */,
				F053127428C6723100628ED2 /* FeedTableViewCell.swift */,
			);
			path = Controllers;
			sourceTree = "<group>";
		};
/* End PBXGroup section */

/* Begin PBXNativeTarget section */
		F03DB19528C2617F007B3AA0 /* Instagram Clone */ = {
			isa = PBXNativeTarget;
			buildConfigurationList = F03DB1AA28C26187007B3AA0 /* Build configuration list for PBXNativeTarget "Instagram Clone" */;
			buildPhases = (
				F03DB19228C2617F007B3AA0 /* Sources */,
				F03DB19328C2617F007B3AA0 /* Frameworks */,
				F03DB19428C2617F007B3AA0 /* Resources */,
			);
			buildRules = (
			);
			dependencies = (
			);
			name = "Instagram Clone";
			packageProductDependencies = (
				F03DB1B028C26537007B3AA0 /* FirebaseAnalytics */,
				F03DB1B228C26537007B3AA0 /* FirebaseAnalyticsSwift */,
				F03DB1B428C26537007B3AA0 /* FirebaseAuth */,
				F03DB1B628C26537007B3AA0 /* FirebaseAuthCombine-Community */,
				F03DB1B828C26537007B3AA0 /* FirebaseFirestore */,
				F03DB1BA28C26537007B3AA0 /* FirebaseFirestoreSwift */,
				F03DB1BC28C26537007B3AA0 /* FirebaseMessaging */,
				F03DB1BE28C26537007B3AA0 /* FirebaseStorage */,
				F053127728C6826F00628ED2 /* SDWebImage */,
			);
			productName = "Instagram Clone";
			productReference = F03DB19628C2617F007B3AA0 /* Instagram Clone.app */;
			productType = "com.apple.product-type.application";
		};
/* End PBXNativeTarget section */

/* Begin PBXProject section */
		F03DB18E28C2617F007B3AA0 /* Project object */ = {
			isa = PBXProject;
			attributes = {
				BuildIndependentTargetsInParallel = 1;
				LastSwiftUpdateCheck = 1340;
				LastUpgradeCheck = 1340;
				TargetAttributes = {
					F03DB19528C2617F007B3AA0 = {
						CreatedOnToolsVersion = 13.4.1;
					};
				};
			};
			buildConfigurationList = F03DB19128C2617F007B3AA0 /* Build configuration list for PBXProject "Instagram Clone" */;
			compatibilityVersion = "Xcode 13.0";
			developmentRegion = en;
			hasScannedForEncodings = 0;
			knownRegions = (
				en,
				Base,
			);
			mainGroup = F03DB18D28C2617F007B3AA0;
			packageReferences = (
				F03DB1AF28C26536007B3AA0 /* XCRemoteSwiftPackageReference "firebase-ios-sdk" */,
				F053127628C6826F00628ED2 /* XCRemoteSwiftPackageReference "SDWebImage" */,
			);
			productRefGroup = F03DB19728C2617F007B3AA0 /* Products */;
			projectDirPath = "";
			projectRoot = "";
			targets = (
				F03DB19528C2617F007B3AA0 /* Instagram Clone */,
			);
		};
/* End PBXProject section */

/* Begin PBXResourcesBuildPhase section */
		F03DB19428C2617F007B3AA0 /* Resources */ = {
			isa = PBXResourcesBuildPhase;
			buildActionMask = 2147483647;
			files = (
				F03DB1A628C26187007B3AA0 /* LaunchScreen.storyboard in Resources */,
				F03DB1AE28C26211007B3AA0 /* GoogleService-Info.plist in Resources */,
				F03DB1A328C26187007B3AA0 /* Assets.xcassets in Resources */,
				F03DB1A128C2617F007B3AA0 /* Main.storyboard in Resources */,
			);
			runOnlyForDeploymentPostprocessing = 0;
		};
/* End PBXResourcesBuildPhase section */

/* Begin PBXSourcesBuildPhase section */
		F03DB19228C2617F007B3AA0 /* Sources */ = {
			isa = PBXSourcesBuildPhase;
			buildActionMask = 2147483647;
			files = (
				F03DB19E28C2617F007B3AA0 /* ViewController.swift in Sources */,
				F039074B28C3D65A00B32E0F /* UploadViewController.swift in Sources */,
				F053127528C6723200628ED2 /* FeedTableViewCell.swift in Sources */,
				F03DB19A28C2617F007B3AA0 /* AppDelegate.swift in Sources */,
				F039074928C3D63D00B32E0F /* FeedViewController.swift in Sources */,
				F03DB19C28C2617F007B3AA0 /* SceneDelegate.swift in Sources */,
				F039074D28C3D67100B32E0F /* SettingsViewController.swift in Sources */,
			);
			runOnlyForDeploymentPostprocessing = 0;
		};
/* End PBXSourcesBuildPhase section */

/* Begin PBXVariantGroup section */
		F03DB19F28C2617F007B3AA0 /* Main.storyboard */ = {
			isa = PBXVariantGroup;
			children = (
				F03DB1A028C2617F007B3AA0 /* Base */,
			);
			name = Main.storyboard;
			sourceTree = "<group>";
		};
		F03DB1A428C26187007B3AA0 /* LaunchScreen.storyboard */ = {
			isa = PBXVariantGroup;
			children = (
				F03DB1A528C26187007B3AA0 /* Base */,
			);
			name = LaunchScreen.storyboard;
			sourceTree = "<group>";
		};
/* End PBXVariantGroup section */

/* Begin XCBuildConfiguration section */
		F03DB1A828C26187007B3AA0 /* Debug */ = {
			isa = XCBuildConfiguration;
			buildSettings = {
				ALWAYS_SEARCH_USER_PATHS = NO;
				CLANG_ANALYZER_NONNULL = YES;
				CLANG_ANALYZER_NUMBER_OBJECT_CONVERSION = YES_AGGRESSIVE;
				CLANG_CXX_LANGUAGE_STANDARD = "gnu++17";
				CLANG_ENABLE_MODULES = YES;
				CLANG_ENABLE_OBJC_ARC = YES;
				CLANG_ENABLE_OBJC_WEAK = YES;
				CLANG_WARN_BLOCK_CAPTURE_AUTORELEASING = YES;
				CLANG_WARN_BOOL_CONVERSION = YES;
				CLANG_WARN_COMMA = YES;
				CLANG_WARN_CONSTANT_CONVERSION = YES;
				CLANG_WARN_DEPRECATED_OBJC_IMPLEMENTATIONS = YES;
				CLANG_WARN_DIRECT_OBJC_ISA_USAGE = YES_ERROR;
				CLANG_WARN_DOCUMENTATION_COMMENTS = YES;
				CLANG_WARN_EMPTY_BODY = YES;
				CLANG_WARN_ENUM_CONVERSION = YES;
				CLANG_WARN_INFINITE_RECURSION = YES;
				CLANG_WARN_INT_CONVERSION = YES;
				CLANG_WARN_NON_LITERAL_NULL_CONVERSION = YES;
				CLANG_WARN_OBJC_IMPLICIT_RETAIN_SELF = YES;
				CLANG_WARN_OBJC_LITERAL_CONVERSION = YES;
				CLANG_WARN_OBJC_ROOT_CLASS = YES_ERROR;
				CLANG_WARN_QUOTED_INCLUDE_IN_FRAMEWORK_HEADER = YES;
				CLANG_WARN_RANGE_LOOP_ANALYSIS = YES;
				CLANG_WARN_STRICT_PROTOTYPES = YES;
				CLANG_WARN_SUSPICIOUS_MOVE = YES;
				CLANG_WARN_UNGUARDED_AVAILABILITY = YES_AGGRESSIVE;
				CLANG_WARN_UNREACHABLE_CODE = YES;
				CLANG_WARN__DUPLICATE_METHOD_MATCH = YES;
				COPY_PHASE_STRIP = NO;
				DEBUG_INFORMATION_FORMAT = dwarf;
				ENABLE_STRICT_OBJC_MSGSEND = YES;
				ENABLE_TESTABILITY = YES;
				GCC_C_LANGUAGE_STANDARD = gnu11;
				GCC_DYNAMIC_NO_PIC = NO;
				GCC_NO_COMMON_BLOCKS = YES;
				GCC_OPTIMIZATION_LEVEL = 0;
				GCC_PREPROCESSOR_DEFINITIONS = (
					"DEBUG=1",
					"$(inherited)",
				);
				GCC_WARN_64_TO_32_BIT_CONVERSION = YES;
				GCC_WARN_ABOUT_RETURN_TYPE = YES_ERROR;
				GCC_WARN_UNDECLARED_SELECTOR = YES;
				GCC_WARN_UNINITIALIZED_AUTOS = YES_AGGRESSIVE;
				GCC_WARN_UNUSED_FUNCTION = YES;
				GCC_WARN_UNUSED_VARIABLE = YES;
				IPHONEOS_DEPLOYMENT_TARGET = 12.0;
				MTL_ENABLE_DEBUG_INFO = INCLUDE_SOURCE;
				MTL_FAST_MATH = YES;
				ONLY_ACTIVE_ARCH = YES;
				SDKROOT = iphoneos;
				SWIFT_ACTIVE_COMPILATION_CONDITIONS = DEBUG;
				SWIFT_OPTIMIZATION_LEVEL = "-Onone";
			};
			name = Debug;
		};
		F03DB1A928C26187007B3AA0 /* Release */ = {
			isa = XCBuildConfiguration;
			buildSettings = {
				ALWAYS_SEARCH_USER_PATHS = NO;
				CLANG_ANALYZER_NONNULL = YES;
				CLANG_ANALYZER_NUMBER_OBJECT_CONVERSION = YES_AGGRESSIVE;
				CLANG_CXX_LANGUAGE_STANDARD = "gnu++17";
				CLANG_ENABLE_MODULES = YES;
				CLANG_ENABLE_OBJC_ARC = YES;
				CLANG_ENABLE_OBJC_WEAK = YES;
				CLANG_WARN_BLOCK_CAPTURE_AUTORELEASING = YES;
				CLANG_WARN_BOOL_CONVERSION = YES;
				CLANG_WARN_COMMA = YES;
				CLANG_WARN_CONSTANT_CONVERSION = YES;
				CLANG_WARN_DEPRECATED_OBJC_IMPLEMENTATIONS = YES;
				CLANG_WARN_DIRECT_OBJC_ISA_USAGE = YES_ERROR;
				CLANG_WARN_DOCUMENTATION_COMMENTS = YES;
				CLANG_WARN_EMPTY_BODY = YES;
				CLANG_WARN_ENUM_CONVERSION = YES;
				CLANG_WARN_INFINITE_RECURSION = YES;
				CLANG_WARN_INT_CONVERSION = YES;
				CLANG_WARN_NON_LITERAL_NULL_CONVERSION = YES;
				CLANG_WARN_OBJC_IMPLICIT_RETAIN_SELF = YES;
				CLANG_WARN_OBJC_LITERAL_CONVERSION = YES;
				CLANG_WARN_OBJC_ROOT_CLASS = YES_ERROR;
				CLANG_WARN_QUOTED_INCLUDE_IN_FRAMEWORK_HEADER = YES;
				CLANG_WARN_RANGE_LOOP_ANALYSIS = YES;
				CLANG_WARN_STRICT_PROTOTYPES = YES;
				CLANG_WARN_SUSPICIOUS_MOVE = YES;
				CLANG_WARN_UNGUARDED_AVAILABILITY = YES_AGGRESSIVE;
				CLANG_WARN_UNREACHABLE_CODE = YES;
				CLANG_WARN__DUPLICATE_METHOD_MATCH = YES;
				COPY_PHASE_STRIP = NO;
				DEBUG_INFORMATION_FORMAT = "dwarf-with-dsym";
				ENABLE_NS_ASSERTIONS = NO;
				ENABLE_STRICT_OBJC_MSGSEND = YES;
				GCC_C_LANGUAGE_STANDARD = gnu11;
				GCC_NO_COMMON_BLOCKS = YES;
				GCC_WARN_64_TO_32_BIT_CONVERSION = YES;
				GCC_WARN_ABOUT_RETURN_TYPE = YES_ERROR;
				GCC_WARN_UNDECLARED_SELECTOR = YES;
				GCC_WARN_UNINITIALIZED_AUTOS = YES_AGGRESSIVE;
				GCC_WARN_UNUSED_FUNCTION = YES;
				GCC_WARN_UNUSED_VARIABLE = YES;
				IPHONEOS_DEPLOYMENT_TARGET = 12.0;
				MTL_ENABLE_DEBUG_INFO = NO;
				MTL_FAST_MATH = YES;
				SDKROOT = iphoneos;
				SWIFT_COMPILATION_MODE = wholemodule;
				SWIFT_OPTIMIZATION_LEVEL = "-O";
				VALIDATE_PRODUCT = YES;
			};
			name = Release;
		};
		F03DB1AB28C26187007B3AA0 /* Debug */ = {
			isa = XCBuildConfiguration;
			buildSettings = {
				ASSETCATALOG_COMPILER_APPICON_NAME = AppIcon;
				ASSETCATALOG_COMPILER_GLOBAL_ACCENT_COLOR_NAME = AccentColor;
				CODE_SIGN_STYLE = Automatic;
				CURRENT_PROJECT_VERSION = 1;
				DEVELOPMENT_TEAM = 5HC84XZV25;
				GENERATE_INFOPLIST_FILE = YES;
				INFOPLIST_FILE = "Instagram Clone/Supporting Files/Info.plist";
				INFOPLIST_KEY_UIApplicationSupportsIndirectInputEvents = YES;
				INFOPLIST_KEY_UILaunchStoryboardName = LaunchScreen;
				INFOPLIST_KEY_UIMainStoryboardFile = Main;
				INFOPLIST_KEY_UISupportedInterfaceOrientations_iPad = "UIInterfaceOrientationPortrait UIInterfaceOrientationPortraitUpsideDown UIInterfaceOrientationLandscapeLeft UIInterfaceOrientationLandscapeRight";
				INFOPLIST_KEY_UISupportedInterfaceOrientations_iPhone = "UIInterfaceOrientationPortrait UIInterfaceOrientationLandscapeLeft UIInterfaceOrientationLandscapeRight";
				LD_RUNPATH_SEARCH_PATHS = (
					"$(inherited)",
					"@executable_path/Frameworks",
				);
				MARKETING_VERSION = 1.0;
				PRODUCT_BUNDLE_IDENTIFIER = "com.mehmet.Instagram-Clone";
				PRODUCT_NAME = "$(TARGET_NAME)";
				SWIFT_EMIT_LOC_STRINGS = YES;
				SWIFT_VERSION = 5.0;
				TARGETED_DEVICE_FAMILY = "1,2";
			};
			name = Debug;
		};
		F03DB1AC28C26187007B3AA0 /* Release */ = {
			isa = XCBuildConfiguration;
			buildSettings = {
				ASSETCATALOG_COMPILER_APPICON_NAME = AppIcon;
				ASSETCATALOG_COMPILER_GLOBAL_ACCENT_COLOR_NAME = AccentColor;
				CODE_SIGN_STYLE = Automatic;
				CURRENT_PROJECT_VERSION = 1;
				DEVELOPMENT_TEAM = 5HC84XZV25;
				GENERATE_INFOPLIST_FILE = YES;
				INFOPLIST_FILE = "Instagram Clone/Supporting Files/Info.plist";
				INFOPLIST_KEY_UIApplicationSupportsIndirectInputEvents = YES;
				INFOPLIST_KEY_UILaunchStoryboardName = LaunchScreen;
				INFOPLIST_KEY_UIMainStoryboardFile = Main;
				INFOPLIST_KEY_UISupportedInterfaceOrientations_iPad = "UIInterfaceOrientationPortrait UIInterfaceOrientationPortraitUpsideDown UIInterfaceOrientationLandscapeLeft UIInterfaceOrientationLandscapeRight";
				INFOPLIST_KEY_UISupportedInterfaceOrientations_iPhone = "UIInterfaceOrientationPortrait UIInterfaceOrientationLandscapeLeft UIInterfaceOrientationLandscapeRight";
				LD_RUNPATH_SEARCH_PATHS = (
					"$(inherited)",
					"@executable_path/Frameworks",
				);
				MARKETING_VERSION = 1.0;
				PRODUCT_BUNDLE_IDENTIFIER = "com.mehmet.Instagram-Clone";
				PRODUCT_NAME = "$(TARGET_NAME)";
				SWIFT_EMIT_LOC_STRINGS = YES;
				SWIFT_VERSION = 5.0;
				TARGETED_DEVICE_FAMILY = "1,2";
			};
			name = Release;
		};
/* End XCBuildConfiguration section */

/* Begin XCConfigurationList section */
		F03DB19128C2617F007B3AA0 /* Build configuration list for PBXProject "Instagram Clone" */ = {
			isa = XCConfigurationList;
			buildConfigurations = (
				F03DB1A828C26187007B3AA0 /* Debug */,
				F03DB1A928C26187007B3AA0 /* Release */,
			);
			defaultConfigurationIsVisible = 0;
			defaultConfigurationName = Release;
		};
		F03DB1AA28C26187007B3AA0 /* Build configuration list for PBXNativeTarget "Instagram Clone" */ = {
			isa = XCConfigurationList;
			buildConfigurations = (
				F03DB1AB28C26187007B3AA0 /* Debug */,
				F03DB1AC28C26187007B3AA0 /* Release */,
			);
			defaultConfigurationIsVisible = 0;
			defaultConfigurationName = Release;
		};
/* End XCConfigurationList section */

/* Begin XCRemoteSwiftPackageReference section */
		F03DB1AF28C26536007B3AA0 /* XCRemoteSwiftPackageReference "firebase-ios-sdk" */ = {
			isa = XCRemoteSwiftPackageReference;
			repositoryURL = "https://github.com/firebase/firebase-ios-sdk";
			requirement = {
				branch = master;
				kind = branch;
			};
		};
		F053127628C6826F00628ED2 /* XCRemoteSwiftPackageReference "SDWebImage" */ = {
			isa = XCRemoteSwiftPackageReference;
			repositoryURL = "https://github.com/SDWebImage/SDWebImage";
			requirement = {
				kind = upToNextMajorVersion;
				minimumVersion = 5.0.0;
			};
		};
/* End XCRemoteSwiftPackageReference section */

/* Begin XCSwiftPackageProductDependency section */
		F03DB1B028C26537007B3AA0 /* FirebaseAnalytics */ = {
			isa = XCSwiftPackageProductDependency;
			package = F03DB1AF28C26536007B3AA0 /* XCRemoteSwiftPackageReference "firebase-ios-sdk" */;
			productName = FirebaseAnalytics;
		};
		F03DB1B228C26537007B3AA0 /* FirebaseAnalyticsSwift */ = {
			isa = XCSwiftPackageProductDependency;
			package = F03DB1AF28C26536007B3AA0 /* XCRemoteSwiftPackageReference "firebase-ios-sdk" */;
			productName = FirebaseAnalyticsSwift;
		};
		F03DB1B428C26537007B3AA0 /* FirebaseAuth */ = {
			isa = XCSwiftPackageProductDependency;
			package = F03DB1AF28C26536007B3AA0 /* XCRemoteSwiftPackageReference "firebase-ios-sdk" */;
			productName = FirebaseAuth;
		};
		F03DB1B628C26537007B3AA0 /* FirebaseAuthCombine-Community */ = {
			isa = XCSwiftPackageProductDependency;
			package = F03DB1AF28C26536007B3AA0 /* XCRemoteSwiftPackageReference "firebase-ios-sdk" */;
			productName = "FirebaseAuthCombine-Community";
		};
		F03DB1B828C26537007B3AA0 /* FirebaseFirestore */ = {
			isa = XCSwiftPackageProductDependency;
			package = F03DB1AF28C26536007B3AA0 /* XCRemoteSwiftPackageReference "firebase-ios-sdk" */;
			productName = FirebaseFirestore;
		};
		F03DB1BA28C26537007B3AA0 /* FirebaseFirestoreSwift */ = {
			isa = XCSwiftPackageProductDependency;
			package = F03DB1AF28C26536007B3AA0 /* XCRemoteSwiftPackageReference "firebase-ios-sdk" */;
			productName = FirebaseFirestoreSwift;
		};
		F03DB1BC28C26537007B3AA0 /* FirebaseMessaging */ = {
			isa = XCSwiftPackageProductDependency;
			package = F03DB1AF28C26536007B3AA0 /* XCRemoteSwiftPackageReference "firebase-ios-sdk" */;
			productName = FirebaseMessaging;
		};
		F03DB1BE28C26537007B3AA0 /* FirebaseStorage */ = {
			isa = XCSwiftPackageProductDependency;
			package = F03DB1AF28C26536007B3AA0 /* XCRemoteSwiftPackageReference "firebase-ios-sdk" */;
			productName = FirebaseStorage;
		};
		F053127728C6826F00628ED2 /* SDWebImage */ = {
			isa = XCSwiftPackageProductDependency;
			package = F053127628C6826F00628ED2 /* XCRemoteSwiftPackageReference "SDWebImage" */;
			productName = SDWebImage;
		};
/* End XCSwiftPackageProductDependency section */
	};
	rootObject = F03DB18E28C2617F007B3AA0 /* Project object */;
}
